
Microsoft Visual Studio Solution File, Format Version 12.00
# Visual Studio Version 17
VisualStudioVersion = 17.9.34728.123
MinimumVisualStudioVersion = 10.0.40219.1
Project("{9A19103F-16F7-4668-BE54-9A1E7A4F7556}") = "Studentica.UI", "Studentica.UI\Studentica.UI.csproj", "{172FAD0E-33D5-49B1-9E83-C403E352019F}"
EndProject
Project("{FAE04EC0-301F-11D3-BF4B-00C04F79EFBC}") = "Studentica.Identity", "Studentica.Identity\Studentica.Identity.csproj", "{872D34D7-6685-405C-BB8F-F5B48FD2ADFF}"
EndProject
Global
	GlobalSection(SolutionConfigurationPlatforms) = preSolution
		Debug|Any CPU = Debug|Any CPU
		Release|Any CPU = Release|Any CPU
	EndGlobalSection
	GlobalSection(ProjectConfigurationPlatforms) = postSolution
		{172FAD0E-33D5-49B1-9E83-C403E352019F}.Debug|Any CPU.ActiveCfg = Debug|Any CPU
		{172FAD0E-33D5-49B1-9E83-C403E352019F}.Debug|Any CPU.Build.0 = Debug|Any CPU
		{172FAD0E-33D5-49B1-9E83-C403E352019F}.Release|Any CPU.ActiveCfg = Release|Any CPU
		{172FAD0E-33D5-49B1-9E83-C403E352019F}.Release|Any CPU.Build.0 = Release|Any CPU
		{872D34D7-6685-405C-BB8F-F5B48FD2ADFF}.Debug|Any CPU.ActiveCfg = Debug|Any CPU
		{872D34D7-6685-405C-BB8F-F5B48FD2ADFF}.Debug|Any CPU.Build.0 = Debug|Any CPU
		{872D34D7-6685-405C-BB8F-F5B48FD2ADFF}.Release|Any CPU.ActiveCfg = Release|Any CPU
		{872D34D7-6685-405C-BB8F-F5B48FD2ADFF}.Release|Any CPU.Build.0 = Release|Any CPU
	EndGlobalSection
	GlobalSection(SolutionProperties) = preSolution
		HideSolutionNode = FALSE
	EndGlobalSection
	GlobalSection(ExtensibilityGlobals) = postSolution
		SolutionGuid = {AB9D67EE-821D-4DB2-A734-323193C1CA03}
	EndGlobalSection
EndGlobal
