
Microsoft Visual Studio Solution File, Format Version 12.00
# Visual Studio Version 17
VisualStudioVersion = 17.9.34728.123
MinimumVisualStudioVersion = 10.0.40219.1
Project("{9A19103F-16F7-4668-BE54-9A1E7A4F7556}") = "Studentica.UI", "Studentica.UI\Studentica.UI.csproj", "{172FAD0E-33D5-49B1-9E83-C403E352019F}"
EndProject
Project("{9A19103F-16F7-4668-BE54-9A1E7A4F7556}") = "Studentica.Identity", "Studentica.Identity\Studentica.Identity.csproj", "{872D34D7-6685-405C-BB8F-F5B48FD2ADFF}"
EndProject
Project("{9A19103F-16F7-4668-BE54-9A1E7A4F7556}") = "Studentica.Gateway", "Studentica.Gateway\Studentica.Gateway.csproj", "{72DBABA6-CA78-44FD-802F-03B867719792}"
EndProject
Project("{2150E333-8FDC-42A3-9474-1A3956D46DE8}") = "Libraries", "Libraries", "{228E84BB-E6EE-46E3-9E50-EE0D2F37E841}"
EndProject
Project("{9A19103F-16F7-4668-BE54-9A1E7A4F7556}") = "Studentica.Identity.Common", "Libraries\Studentica.Identity.Common\Studentica.Identity.Common.csproj", "{CD36AD74-E53F-44C4-A6EF-104F14CDF44B}"
EndProject
Project("{9A19103F-16F7-4668-BE54-9A1E7A4F7556}") = "Studentica.UI.Common", "Libraries\Studentica.UI.Common\Studentica.UI.Common.csproj", "{30B507B2-A21C-40B1-BB12-76BF8C2D4A52}"
EndProject
Project("{9A19103F-16F7-4668-BE54-9A1E7A4F7556}") = "Studentica.Common", "Libraries\Studentica.Common\Studentica.Common.csproj", "{F204DCBA-14ED-4613-9906-FE0407F8C2F5}"
EndProject
Project("{9A19103F-16F7-4668-BE54-9A1E7A4F7556}") = "Studentica.Database.Common", "Libraries\Studentica.Database.Common\Studentica.Database.Common.csproj", "{B7EC1A2E-218A-4F50-831B-6762BBC95527}"
EndProject
Project("{9A19103F-16F7-4668-BE54-9A1E7A4F7556}") = "Studentica.Services.Common", "Libraries\Studentica.Services.Common\Studentica.Services.Common.csproj", "{827E8B9C-923F-4AE6-BD78-DB4C8AF1472D}"
EndProject
Project("{9A19103F-16F7-4668-BE54-9A1E7A4F7556}") = "Studentica.Services.Models", "Libraries\Studentica.Services.Models\Studentica.Services.Models.csproj", "{1C20E95F-DD1A-4073-B74D-8A00A2247FFD}"
EndProject
Project("{9A19103F-16F7-4668-BE54-9A1E7A4F7556}") = "Studentica.Common.DTOs", "Libraries\Studentica.Common.DTOs\Studentica.Common.DTOs.csproj", "{62EDC466-3958-46B0-AC46-0DFAB3C1DB71}"
EndProject
Project("{9A19103F-16F7-4668-BE54-9A1E7A4F7556}") = "Studentica.Common.DTOs.Requests", "Libraries\Studentica.Common.DTOs.Requests\Studentica.Common.DTOs.Requests.csproj", "{6370BE0E-15CA-446B-8683-5CB856F65348}"
EndProject
Project("{9A19103F-16F7-4668-BE54-9A1E7A4F7556}") = "Studentica.Api.Client", "Libraries\Studentica.Api.Client\Studentica.Api.Client.csproj", "{DB68FDD8-DF01-4074-9FE7-9B63C9C96BBB}"
EndProject
Project("{FAE04EC0-301F-11D3-BF4B-00C04F79EFBC}") = "Studentica.Infrastructure", "Studentica.Infrastructure\Studentica.Infrastructure.csproj", "{CCC39D87-69D2-47A9-9964-A1703D2DBED5}"
EndProject
Project("{FAE04EC0-301F-11D3-BF4B-00C04F79EFBC}") = "Studentica.Api", "Studentica.Api\Studentica.Api.csproj", "{1EC589DC-29A3-4504-926E-407CD6B55501}"
EndProject
Project("{FAE04EC0-301F-11D3-BF4B-00C04F79EFBC}") = "Studentica.Database.Postgre", "Libraries\Studentica.Database.Postgre\Studentica.Database.Postgre.csproj", "{6BBE1EE5-E056-415F-8693-4E02205D2205}"
EndProject
Global
	GlobalSection(SolutionConfigurationPlatforms) = preSolution
		Debug|Any CPU = Debug|Any CPU
		Release|Any CPU = Release|Any CPU
	EndGlobalSection
	GlobalSection(ProjectConfigurationPlatforms) = postSolution
		{172FAD0E-33D5-49B1-9E83-C403E352019F}.Debug|Any CPU.ActiveCfg = Debug|Any CPU
		{172FAD0E-33D5-49B1-9E83-C403E352019F}.Debug|Any CPU.Build.0 = Debug|Any CPU
		{172FAD0E-33D5-49B1-9E83-C403E352019F}.Release|Any CPU.ActiveCfg = Release|Any CPU
		{172FAD0E-33D5-49B1-9E83-C403E352019F}.Release|Any CPU.Build.0 = Release|Any CPU
		{872D34D7-6685-405C-BB8F-F5B48FD2ADFF}.Debug|Any CPU.ActiveCfg = Debug|Any CPU
		{872D34D7-6685-405C-BB8F-F5B48FD2ADFF}.Debug|Any CPU.Build.0 = Debug|Any CPU
		{872D34D7-6685-405C-BB8F-F5B48FD2ADFF}.Release|Any CPU.ActiveCfg = Release|Any CPU
		{872D34D7-6685-405C-BB8F-F5B48FD2ADFF}.Release|Any CPU.Build.0 = Release|Any CPU
		{72DBABA6-CA78-44FD-802F-03B867719792}.Debug|Any CPU.ActiveCfg = Debug|Any CPU
		{72DBABA6-CA78-44FD-802F-03B867719792}.Debug|Any CPU.Build.0 = Debug|Any CPU
		{72DBABA6-CA78-44FD-802F-03B867719792}.Release|Any CPU.ActiveCfg = Release|Any CPU
		{72DBABA6-CA78-44FD-802F-03B867719792}.Release|Any CPU.Build.0 = Release|Any CPU
		{CD36AD74-E53F-44C4-A6EF-104F14CDF44B}.Debug|Any CPU.ActiveCfg = Debug|Any CPU
		{CD36AD74-E53F-44C4-A6EF-104F14CDF44B}.Debug|Any CPU.Build.0 = Debug|Any CPU
		{CD36AD74-E53F-44C4-A6EF-104F14CDF44B}.Release|Any CPU.ActiveCfg = Release|Any CPU
		{CD36AD74-E53F-44C4-A6EF-104F14CDF44B}.Release|Any CPU.Build.0 = Release|Any CPU
		{30B507B2-A21C-40B1-BB12-76BF8C2D4A52}.Debug|Any CPU.ActiveCfg = Debug|Any CPU
		{30B507B2-A21C-40B1-BB12-76BF8C2D4A52}.Debug|Any CPU.Build.0 = Debug|Any CPU
		{30B507B2-A21C-40B1-BB12-76BF8C2D4A52}.Release|Any CPU.ActiveCfg = Release|Any CPU
		{30B507B2-A21C-40B1-BB12-76BF8C2D4A52}.Release|Any CPU.Build.0 = Release|Any CPU
		{F204DCBA-14ED-4613-9906-FE0407F8C2F5}.Debug|Any CPU.ActiveCfg = Debug|Any CPU
		{F204DCBA-14ED-4613-9906-FE0407F8C2F5}.Debug|Any CPU.Build.0 = Debug|Any CPU
		{F204DCBA-14ED-4613-9906-FE0407F8C2F5}.Release|Any CPU.ActiveCfg = Release|Any CPU
		{F204DCBA-14ED-4613-9906-FE0407F8C2F5}.Release|Any CPU.Build.0 = Release|Any CPU
		{B7EC1A2E-218A-4F50-831B-6762BBC95527}.Debug|Any CPU.ActiveCfg = Debug|Any CPU
		{B7EC1A2E-218A-4F50-831B-6762BBC95527}.Debug|Any CPU.Build.0 = Debug|Any CPU
		{B7EC1A2E-218A-4F50-831B-6762BBC95527}.Release|Any CPU.ActiveCfg = Release|Any CPU
		{B7EC1A2E-218A-4F50-831B-6762BBC95527}.Release|Any CPU.Build.0 = Release|Any CPU
		{827E8B9C-923F-4AE6-BD78-DB4C8AF1472D}.Debug|Any CPU.ActiveCfg = Debug|Any CPU
		{827E8B9C-923F-4AE6-BD78-DB4C8AF1472D}.Debug|Any CPU.Build.0 = Debug|Any CPU
		{827E8B9C-923F-4AE6-BD78-DB4C8AF1472D}.Release|Any CPU.ActiveCfg = Release|Any CPU
		{827E8B9C-923F-4AE6-BD78-DB4C8AF1472D}.Release|Any CPU.Build.0 = Release|Any CPU
		{1C20E95F-DD1A-4073-B74D-8A00A2247FFD}.Debug|Any CPU.ActiveCfg = Debug|Any CPU
		{1C20E95F-DD1A-4073-B74D-8A00A2247FFD}.Debug|Any CPU.Build.0 = Debug|Any CPU
		{1C20E95F-DD1A-4073-B74D-8A00A2247FFD}.Release|Any CPU.ActiveCfg = Release|Any CPU
		{1C20E95F-DD1A-4073-B74D-8A00A2247FFD}.Release|Any CPU.Build.0 = Release|Any CPU
		{62EDC466-3958-46B0-AC46-0DFAB3C1DB71}.Debug|Any CPU.ActiveCfg = Debug|Any CPU
		{62EDC466-3958-46B0-AC46-0DFAB3C1DB71}.Debug|Any CPU.Build.0 = Debug|Any CPU
		{62EDC466-3958-46B0-AC46-0DFAB3C1DB71}.Release|Any CPU.ActiveCfg = Release|Any CPU
		{62EDC466-3958-46B0-AC46-0DFAB3C1DB71}.Release|Any CPU.Build.0 = Release|Any CPU
		{6370BE0E-15CA-446B-8683-5CB856F65348}.Debug|Any CPU.ActiveCfg = Debug|Any CPU
		{6370BE0E-15CA-446B-8683-5CB856F65348}.Debug|Any CPU.Build.0 = Debug|Any CPU
		{6370BE0E-15CA-446B-8683-5CB856F65348}.Release|Any CPU.ActiveCfg = Release|Any CPU
		{6370BE0E-15CA-446B-8683-5CB856F65348}.Release|Any CPU.Build.0 = Release|Any CPU
		{DB68FDD8-DF01-4074-9FE7-9B63C9C96BBB}.Debug|Any CPU.ActiveCfg = Debug|Any CPU
		{DB68FDD8-DF01-4074-9FE7-9B63C9C96BBB}.Debug|Any CPU.Build.0 = Debug|Any CPU
		{DB68FDD8-DF01-4074-9FE7-9B63C9C96BBB}.Release|Any CPU.ActiveCfg = Release|Any CPU
		{DB68FDD8-DF01-4074-9FE7-9B63C9C96BBB}.Release|Any CPU.Build.0 = Release|Any CPU
		{CCC39D87-69D2-47A9-9964-A1703D2DBED5}.Debug|Any CPU.ActiveCfg = Debug|Any CPU
		{CCC39D87-69D2-47A9-9964-A1703D2DBED5}.Debug|Any CPU.Build.0 = Debug|Any CPU
		{CCC39D87-69D2-47A9-9964-A1703D2DBED5}.Release|Any CPU.ActiveCfg = Release|Any CPU
		{CCC39D87-69D2-47A9-9964-A1703D2DBED5}.Release|Any CPU.Build.0 = Release|Any CPU
		{1EC589DC-29A3-4504-926E-407CD6B55501}.Debug|Any CPU.ActiveCfg = Debug|Any CPU
		{1EC589DC-29A3-4504-926E-407CD6B55501}.Debug|Any CPU.Build.0 = Debug|Any CPU
		{1EC589DC-29A3-4504-926E-407CD6B55501}.Release|Any CPU.ActiveCfg = Release|Any CPU
		{1EC589DC-29A3-4504-926E-407CD6B55501}.Release|Any CPU.Build.0 = Release|Any CPU
		{6BBE1EE5-E056-415F-8693-4E02205D2205}.Debug|Any CPU.ActiveCfg = Debug|Any CPU
		{6BBE1EE5-E056-415F-8693-4E02205D2205}.Debug|Any CPU.Build.0 = Debug|Any CPU
		{6BBE1EE5-E056-415F-8693-4E02205D2205}.Release|Any CPU.ActiveCfg = Release|Any CPU
		{6BBE1EE5-E056-415F-8693-4E02205D2205}.Release|Any CPU.Build.0 = Release|Any CPU
	EndGlobalSection
	GlobalSection(SolutionProperties) = preSolution
		HideSolutionNode = FALSE
	EndGlobalSection
	GlobalSection(NestedProjects) = preSolution
		{CD36AD74-E53F-44C4-A6EF-104F14CDF44B} = {228E84BB-E6EE-46E3-9E50-EE0D2F37E841}
		{30B507B2-A21C-40B1-BB12-76BF8C2D4A52} = {228E84BB-E6EE-46E3-9E50-EE0D2F37E841}
		{F204DCBA-14ED-4613-9906-FE0407F8C2F5} = {228E84BB-E6EE-46E3-9E50-EE0D2F37E841}
		{B7EC1A2E-218A-4F50-831B-6762BBC95527} = {228E84BB-E6EE-46E3-9E50-EE0D2F37E841}
		{827E8B9C-923F-4AE6-BD78-DB4C8AF1472D} = {228E84BB-E6EE-46E3-9E50-EE0D2F37E841}
		{1C20E95F-DD1A-4073-B74D-8A00A2247FFD} = {228E84BB-E6EE-46E3-9E50-EE0D2F37E841}
		{62EDC466-3958-46B0-AC46-0DFAB3C1DB71} = {228E84BB-E6EE-46E3-9E50-EE0D2F37E841}
		{6370BE0E-15CA-446B-8683-5CB856F65348} = {228E84BB-E6EE-46E3-9E50-EE0D2F37E841}
		{DB68FDD8-DF01-4074-9FE7-9B63C9C96BBB} = {228E84BB-E6EE-46E3-9E50-EE0D2F37E841}
		{6BBE1EE5-E056-415F-8693-4E02205D2205} = {228E84BB-E6EE-46E3-9E50-EE0D2F37E841}
	EndGlobalSection
	GlobalSection(ExtensibilityGlobals) = postSolution
		SolutionGuid = {AB9D67EE-821D-4DB2-A734-323193C1CA03}
	EndGlobalSection
EndGlobal
